
Microsoft Visual Studio Solution File, Format Version 12.00
# Visual Studio Version 16
VisualStudioVersion = 16.0.31321.278
MinimumVisualStudioVersion = 10.0.40219.1
Project("{FAE04EC0-301F-11D3-BF4B-00C04F79EFBC}") = "OcuSwap", "OcuSwap\OcuSwap.csproj", "{593ADCD3-3C80-4C6F-AD0D-DAE1AE520925}"
EndProject
Global
	GlobalSection(SolutionConfigurationPlatforms) = preSolution
		Debug|Any CPU = Debug|Any CPU
		Release|Any CPU = Release|Any CPU
	EndGlobalSection
	GlobalSection(ProjectConfigurationPlatforms) = postSolution
		{593ADCD3-3C80-4C6F-AD0D-DAE1AE520925}.Debug|Any CPU.ActiveCfg = Debug|Any CPU
		{593ADCD3-3C80-4C6F-AD0D-DAE1AE520925}.Debug|Any CPU.Build.0 = Debug|Any CPU
		{593ADCD3-3C80-4C6F-AD0D-DAE1AE520925}.Release|Any CPU.ActiveCfg = Release|Any CPU
		{593ADCD3-3C80-4C6F-AD0D-DAE1AE520925}.Release|Any CPU.Build.0 = Release|Any CPU
	EndGlobalSection
	GlobalSection(SolutionProperties) = preSolution
		HideSolutionNode = FALSE
	EndGlobalSection
	GlobalSection(ExtensibilityGlobals) = postSolution
		SolutionGuid = {33780C29-05BC-44AA-8761-7DDB6D9384B7}
	EndGlobalSection
EndGlobal
